
Microsoft Visual Studio Solution File, Format Version 12.00
# Visual Studio Version 17
VisualStudioVersion = 17.5.33424.131
MinimumVisualStudioVersion = 10.0.40219.1
Project("{FAE04EC0-301F-11D3-BF4B-00C04F79EFBC}") = "Laba", "Laba.csproj", "{826C913E-50B8-43A0-A0B8-300084C0EC31}"
EndProject
Global
	GlobalSection(SolutionConfigurationPlatforms) = preSolution
		Debug|Any CPU = Debug|Any CPU
		Release|Any CPU = Release|Any CPU
	EndGlobalSection
	GlobalSection(ProjectConfigurationPlatforms) = postSolution
		{826C913E-50B8-43A0-A0B8-300084C0EC31}.Debug|Any CPU.ActiveCfg = Debug|Any CPU
		{826C913E-50B8-43A0-A0B8-300084C0EC31}.Debug|Any CPU.Build.0 = Debug|Any CPU
		{826C913E-50B8-43A0-A0B8-300084C0EC31}.Release|Any CPU.ActiveCfg = Release|Any CPU
		{826C913E-50B8-43A0-A0B8-300084C0EC31}.Release|Any CPU.Build.0 = Release|Any CPU
	EndGlobalSection
	GlobalSection(SolutionProperties) = preSolution
		HideSolutionNode = FALSE
	EndGlobalSection
	GlobalSection(ExtensibilityGlobals) = postSolution
		SolutionGuid = {08D565B4-F504-45C8-A8AF-01931747EE88}
	EndGlobalSection
EndGlobal
